<?xml version="1.0" encoding="utf-8"?>
<Project ToolsVersion="4.0" xmlns="http://schemas.microsoft.com/developer/msbuild/2003">
  <ItemGroup>
    <Filter Include="Source Files">
      <UniqueIdentifier>{4FC737F1-C7A5-4376-A066-2A32D752A2FF}</UniqueIdentifier>
      <Extensions>cpp;c;cc;cxx;c++;cppm;ixx;def;odl;idl;hpj;bat;asm;asmx</Extensions>
    </Filter>
    <Filter Include="Header Files">
      <UniqueIdentifier>{93995380-89BD-4b04-88EB-625FBE52EBFB}</UniqueIdentifier>
      <Extensions>h;hh;hpp;hxx;h++;hm;inl;inc;ipp;xsd</Extensions>
    </Filter>
    <Filter Include="Resource Files">
      <UniqueIdentifier>{67DA6AB6-F800-4c08-8B7A-83BB121AAD01}</UniqueIdentifier>
      <Extensions>rc;ico;cur;bmp;dlg;rc2;rct;bin;rgs;gif;jpg;jpeg;jpe;resx;tiff;tif;png;wav;mfcribbon-ms</Extensions>
    </Filter>
    <Filter Include="Header Files\Atomic">
      <UniqueIdentifier>{aa2169eb-4d6d-4076-8535-00993742d8b2}</UniqueIdentifier>
    </Filter>
    <Filter Include="Header Files\Types">
      <UniqueIdentifier>{1ba405be-1dba-4db9-88db-0a0676532270}</UniqueIdentifier>
    </Filter>
    <Filter Include="Source Files\Types">
      <UniqueIdentifier>{b44dcde6-11f7-464c-b2be-759a821a61a8}</UniqueIdentifier>
    </Filter>
  </ItemGroup>
  <ItemGroup>
    <ClCompile Include="Dispatcher.cpp">
      <Filter>Source Files</Filter>
    </ClCompile>
    <ClCompile Include="Facilities.cpp">
      <Filter>Source Files</Filter>
    </ClCompile>
    <ClCompile Include="IDCounter.cpp">
      <Filter>Source Files</Filter>
    </ClCompile>
    <ClCompile Include="InputEventSender.cpp">
      <Filter>Source Files</Filter>
    </ClCompile>
    <ClCompile Include="SimVarWatcher.cpp">
      <Filter>Source Files</Filter>
    </ClCompile>
    <ClCompile Include="ApproachType.cpp">
      <Filter>Source Files\Types</Filter>
    </ClCompile>
    <ClCompile Include="RunwayDesignator.cpp">
      <Filter>Source Files\Types</Filter>
    </ClCompile>
    <ClCompile Include="Airport.cpp">
      <Filter>Source Files\Types</Filter>
    </ClCompile>
    <ClCompile Include="Runway.cpp">
      <Filter>Source Files\Types</Filter>
    </ClCompile>
    <ClCompile Include="ApproachLeg.cpp">
      <Filter>Source Files\Types</Filter>
    </ClCompile>
    <ClCompile Include="Approach.cpp">
      <Filter>Source Files\Types</Filter>
    </ClCompile>
    <ClCompile Include="ApproachTransition.cpp">
      <Filter>Source Files\Types</Filter>
    </ClCompile>
    <ClCompile Include="SystemEventSubscriber.cpp">
      <Filter>Source Files</Filter>
    </ClCompile>
  </ItemGroup>
  <ItemGroup>
    <ClInclude Include="include\Airport.h">
      <Filter>Header Files\Types</Filter>
    </ClInclude>
    <ClInclude Include="include\Approach.h">
      <Filter>Header Files\Types</Filter>
    </ClInclude>
    <ClInclude Include="include\ApproachLights.h">
      <Filter>Header Files\Types</Filter>
    </ClInclude>
    <ClInclude Include="include\ApproachLightSystem.h">
      <Filter>Header Files\Types</Filter>
    </ClInclude>
    <ClInclude Include="include\ApproachType.h">
      <Filter>Header Files\Types</Filter>
    </ClInclude>
    <ClInclude Include="include\AtomicList.h">
      <Filter>Header Files\Atomic</Filter>
    </ClInclude>
    <ClInclude Include="include\AtomicMap.h">
      <Filter>Header Files\Atomic</Filter>
    </ClInclude>
    <ClInclude Include="include\AtomicVector.h">
      <Filter>Header Files\Atomic</Filter>
    </ClInclude>
    <ClInclude Include="include\FixType.h">
      <Filter>Header Files\Types</Filter>
    </ClInclude>
    <ClInclude Include="include\Pavement.h">
      <Filter>Header Files\Types</Filter>
    </ClInclude>
    <ClInclude Include="include\Runway.h">
      <Filter>Header Files\Types</Filter>
    </ClInclude>
    <ClInclude Include="include\RunwayDesignator.h">
      <Filter>Header Files\Types</Filter>
    </ClInclude>
    <ClInclude Include="include\RunwaySurface.h">
      <Filter>Header Files\Types</Filter>
    </ClInclude>
    <ClInclude Include="include\SimVar.h">
      <Filter>Header Files\Types</Filter>
    </ClInclude>
    <ClInclude Include="include\Vasi.h">
      <Filter>Header Files\Types</Filter>
    </ClInclude>
    <ClInclude Include="include\VasiType.h">
      <Filter>Header Files\Types</Filter>
    </ClInclude>
    <ClInclude Include="include\ClientEventSender.h">
      <Filter>Header Files</Filter>
    </ClInclude>
    <ClInclude Include="include\Dispatcher.h">
      <Filter>Header Files</Filter>
    </ClInclude>
    <ClInclude Include="include\Facilities.h">
      <Filter>Header Files</Filter>
    </ClInclude>
    <ClInclude Include="include\IDCounter.h">
      <Filter>Header Files</Filter>
    </ClInclude>
    <ClInclude Include="include\InputEventSender.h">
      <Filter>Header Files</Filter>
    </ClInclude>
    <ClInclude Include="include\resource.h">
      <Filter>Header Files</Filter>
    </ClInclude>
    <ClInclude Include="include\SimVarSetter.h">
      <Filter>Header Files</Filter>
    </ClInclude>
    <ClInclude Include="include\SimVarWatcher.h">
      <Filter>Header Files</Filter>
    </ClInclude>
    <ClInclude Include="include\ApproachLeg.h">
      <Filter>Header Files\Types</Filter>
    </ClInclude>
    <ClInclude Include="include\ApproachTransition.h">
      <Filter>Header Files\Types</Filter>
    </ClInclude>
    <ClInclude Include="include\TempTypes.h">
      <Filter>Header Files\Types</Filter>
    </ClInclude>
    <ClInclude Include="include\SystemEventSubscriber.h">
      <Filter>Header Files</Filter>
    </ClInclude>
    <ClInclude Include="include\SimConnectExceptions.h">
      <Filter>Header Files</Filter>
    </ClInclude>
  </ItemGroup>
</Project>